
Microsoft Visual Studio Solution File, Format Version 12.00
# Visual Studio Version 17
VisualStudioVersion = 17.8.34511.84
MinimumVisualStudioVersion = 10.0.40219.1
Project("{FAE04EC0-301F-11D3-BF4B-00C04F79EFBC}") = "SupershopManagement", "SupershopManagement\SupershopManagement.csproj", "{AE9F4D73-DC01-4631-A886-CD52C093B310}"
EndProject
Global
	GlobalSection(SolutionConfigurationPlatforms) = preSolution
		Debug|Any CPU = Debug|Any CPU
		Release|Any CPU = Release|Any CPU
	EndGlobalSection
	GlobalSection(ProjectConfigurationPlatforms) = postSolution
		{AE9F4D73-DC01-4631-A886-CD52C093B310}.Debug|Any CPU.ActiveCfg = Debug|Any CPU
		{AE9F4D73-DC01-4631-A886-CD52C093B310}.Debug|Any CPU.Build.0 = Debug|Any CPU
		{AE9F4D73-DC01-4631-A886-CD52C093B310}.Release|Any CPU.ActiveCfg = Release|Any CPU
		{AE9F4D73-DC01-4631-A886-CD52C093B310}.Release|Any CPU.Build.0 = Release|Any CPU
	EndGlobalSection
	GlobalSection(SolutionProperties) = preSolution
		HideSolutionNode = FALSE
	EndGlobalSection
	GlobalSection(ExtensibilityGlobals) = postSolution
		SolutionGuid = {E6937FED-4975-4B19-9223-2C22D5775BD4}
	EndGlobalSection
EndGlobal
